<?xml version="1.0" encoding="utf-8"?>
<Project ToolsVersion="4.0" xmlns="http://schemas.microsoft.com/developer/msbuild/2003">
  <ItemGroup>
    <Filter Include="Source Files">
      <UniqueIdentifier>{4FC737F1-C7A5-4376-A066-2A32D752A2FF}</UniqueIdentifier>
      <Extensions>cpp;c;cc;cxx;c++;cppm;ixx;def;odl;idl;hpj;bat;asm;asmx</Extensions>
    </Filter>
    <Filter Include="Header Files">
      <UniqueIdentifier>{93995380-89BD-4b04-88EB-625FBE52EBFB}</UniqueIdentifier>
      <Extensions>h;hh;hpp;hxx;h++;hm;inl;inc;ipp;xsd</Extensions>
    </Filter>
    <Filter Include="Resource Files">
      <UniqueIdentifier>{67DA6AB6-F800-4c08-8B7A-83BB121AAD01}</UniqueIdentifier>
      <Extensions>rc;ico;cur;bmp;dlg;rc2;rct;bin;rgs;gif;jpg;jpeg;jpe;resx;tiff;tif;png;wav;mfcribbon-ms</Extensions>
    </Filter>
    <Filter Include="Shaders">
      <UniqueIdentifier>{39f5756d-3391-445e-9294-a4e2dd0c5360}</UniqueIdentifier>
    </Filter>
    <Filter Include="Systems">
      <UniqueIdentifier>{549acdfc-46c9-4f5b-b343-ed795a6810d5}</UniqueIdentifier>
    </Filter>
    <Filter Include="Header Files\Lve">
      <UniqueIdentifier>{a7b502f5-bb1b-4fb5-9043-e6f3ad201561}</UniqueIdentifier>
    </Filter>
    <Filter Include="Header Files\Nuradhi">
      <UniqueIdentifier>{68805dc8-b9ab-4be5-bc4d-5721937e903e}</UniqueIdentifier>
    </Filter>
    <Filter Include="Source Files\Lve">
      <UniqueIdentifier>{ca331bcb-5690-4776-9aa4-63c9ab35dd65}</UniqueIdentifier>
    </Filter>
    <Filter Include="Source Files\Nuradhi">
      <UniqueIdentifier>{d82b3591-722c-424e-9ef0-3333a09af098}</UniqueIdentifier>
    </Filter>
  </ItemGroup>
  <ItemGroup>
    <ClCompile Include="simple_render_system.cpp">
      <Filter>Systems</Filter>
    </ClCompile>
    <ClCompile Include="point_light_system.cpp">
      <Filter>Systems</Filter>
    </ClCompile>
    <ClCompile Include="first_app.cpp">
      <Filter>Source Files\Lve</Filter>
    </ClCompile>
    <ClCompile Include="keyboard_movement_controller.cpp">
      <Filter>Source Files\Lve</Filter>
    </ClCompile>
    <ClCompile Include="lve_buffer.cpp">
      <Filter>Source Files\Lve</Filter>
    </ClCompile>
    <ClCompile Include="lve_camera.cpp">
      <Filter>Source Files\Lve</Filter>
    </ClCompile>
    <ClCompile Include="lve_descriptors.cpp">
      <Filter>Source Files\Lve</Filter>
    </ClCompile>
    <ClCompile Include="lve_device.cpp">
      <Filter>Source Files\Lve</Filter>
    </ClCompile>
    <ClCompile Include="lve_game_object.cpp">
      <Filter>Source Files\Lve</Filter>
    </ClCompile>
    <ClCompile Include="lve_model.cpp">
      <Filter>Source Files\Lve</Filter>
    </ClCompile>
    <ClCompile Include="lve_pipeline.cpp">
      <Filter>Source Files\Lve</Filter>
    </ClCompile>
    <ClCompile Include="lve_renderer.cpp">
      <Filter>Source Files\Lve</Filter>
    </ClCompile>
    <ClCompile Include="lve_swap_chain.cpp">
      <Filter>Source Files\Lve</Filter>
    </ClCompile>
    <ClCompile Include="lve_window.cpp">
      <Filter>Source Files\Lve</Filter>
    </ClCompile>
    <ClCompile Include="main.cpp">
      <Filter>Source Files\Nuradhi</Filter>
    </ClCompile>
    <ClCompile Include="nrd_entity.cpp">
      <Filter>Source Files\Nuradhi</Filter>
    </ClCompile>
    <ClCompile Include="nrd_globals.cpp">
      <Filter>Source Files\Nuradhi</Filter>
    </ClCompile>
    <ClCompile Include="nrd_living_entity.cpp">
      <Filter>Source Files\Nuradhi</Filter>
    </ClCompile>
    <ClCompile Include="nrd_movement_controller.cpp">
      <Filter>Source Files\Nuradhi</Filter>
    </ClCompile>
    <ClCompile Include="nrd_player.cpp">
      <Filter>Source Files\Nuradhi</Filter>
    </ClCompile>
    <ClCompile Include="nrd_random_number.cpp">
      <Filter>Source Files\Nuradhi</Filter>
    </ClCompile>
    <ClCompile Include="nrd_test_level.cpp">
      <Filter>Source Files\Nuradhi</Filter>
    </ClCompile>
    <ClCompile Include="nrd_time_controller.cpp">
      <Filter>Source Files\Nuradhi</Filter>
    </ClCompile>
    <ClCompile Include="nrd_camera_controller.cpp">
      <Filter>Source Files\Nuradhi</Filter>
    </ClCompile>
    <ClCompile Include="lve_texture.cpp">
      <Filter>Source Files\Lve</Filter>
    </ClCompile>
    <ClCompile Include="nrd_debugLinePipeline.cpp">
      <Filter>Source Files\Nuradhi</Filter>
    </ClCompile>
    <ClCompile Include="nrd_debugLine.cpp">
      <Filter>Source Files\Nuradhi</Filter>
    </ClCompile>
    <ClCompile Include="nrd_sweptAABB.cpp">
      <Filter>Source Files\Nuradhi</Filter>
    </ClCompile>
  </ItemGroup>
  <ItemGroup>
    <ClInclude Include="simple_render_system.hpp">
      <Filter>Systems</Filter>
    </ClInclude>
    <ClInclude Include="point_light_system.hpp">
      <Filter>Systems</Filter>
    </ClInclude>
    <ClInclude Include="first_app.hpp">
      <Filter>Header Files\Lve</Filter>
    </ClInclude>
    <ClInclude Include="keyboard_movement_controller.hpp">
      <Filter>Header Files\Lve</Filter>
    </ClInclude>
    <ClInclude Include="lve_buffer.hpp">
      <Filter>Header Files\Lve</Filter>
    </ClInclude>
    <ClInclude Include="lve_camera.hpp">
      <Filter>Header Files\Lve</Filter>
    </ClInclude>
    <ClInclude Include="lve_descriptors.hpp">
      <Filter>Header Files\Lve</Filter>
    </ClInclude>
    <ClInclude Include="lve_device.hpp">
      <Filter>Header Files\Lve</Filter>
    </ClInclude>
    <ClInclude Include="lve_frame_info.hpp">
      <Filter>Header Files\Lve</Filter>
    </ClInclude>
    <ClInclude Include="lve_game_object.hpp">
      <Filter>Header Files\Lve</Filter>
    </ClInclude>
    <ClInclude Include="lve_model.hpp">
      <Filter>Header Files\Lve</Filter>
    </ClInclude>
    <ClInclude Include="lve_pipeline.hpp">
      <Filter>Header Files\Lve</Filter>
    </ClInclude>
    <ClInclude Include="lve_renderer.hpp">
      <Filter>Header Files\Lve</Filter>
    </ClInclude>
    <ClInclude Include="lve_swap_chain.hpp">
      <Filter>Header Files\Lve</Filter>
    </ClInclude>
    <ClInclude Include="lve_utils.hpp">
      <Filter>Header Files\Lve</Filter>
    </ClInclude>
    <ClInclude Include="lve_window.hpp">
      <Filter>Header Files\Lve</Filter>
    </ClInclude>
    <ClInclude Include="nrd_entity.hpp">
      <Filter>Header Files\Nuradhi</Filter>
    </ClInclude>
    <ClInclude Include="nrd_globals.hpp">
      <Filter>Header Files\Nuradhi</Filter>
    </ClInclude>
    <ClInclude Include="nrd_living_entity.hpp">
      <Filter>Header Files\Nuradhi</Filter>
    </ClInclude>
    <ClInclude Include="nrd_random_number.hpp">
      <Filter>Header Files\Nuradhi</Filter>
    </ClInclude>
    <ClInclude Include="nrd_test_level.hpp">
      <Filter>Header Files\Nuradhi</Filter>
    </ClInclude>
    <ClInclude Include="nrd_time_controller.hpp">
      <Filter>Header Files\Nuradhi</Filter>
    </ClInclude>
    <ClInclude Include="nrd_player.hpp">
      <Filter>Header Files\Nuradhi</Filter>
    </ClInclude>
    <ClInclude Include="nrd_movement_controller.hpp">
      <Filter>Header Files\Nuradhi</Filter>
    </ClInclude>
    <ClInclude Include="nrd_camera_controller.hpp">
      <Filter>Header Files\Nuradhi</Filter>
    </ClInclude>
    <ClInclude Include="lve_texture.hpp">
      <Filter>Header Files\Lve</Filter>
    </ClInclude>
    <ClInclude Include="nrd_debugLinePipeline.hpp">
      <Filter>Header Files\Nuradhi</Filter>
    </ClInclude>
    <ClInclude Include="nrd_debugLine.hpp">
      <Filter>Header Files\Nuradhi</Filter>
    </ClInclude>
    <ClInclude Include="nrd_sweptAABB.hpp">
      <Filter>Header Files\Nuradhi</Filter>
    </ClInclude>
  </ItemGroup>
  <ItemGroup>
    <None Include="simple_shader.vert">
      <Filter>Shaders</Filter>
    </None>
    <None Include="simple_shader.frag">
      <Filter>Shaders</Filter>
    </None>
    <None Include="compile.bat" />
    <None Include="point_light.vert">
      <Filter>Shaders</Filter>
    </None>
    <None Include="point_light.frag">
      <Filter>Shaders</Filter>
    </None>
    <None Include="green_shader.vert">
      <Filter>Shaders</Filter>
    </None>
    <None Include="green_shader.frag">
      <Filter>Shaders</Filter>
    </None>
  </ItemGroup>
</Project>